{
  "name": "node-ajs-platforms",
  "version": "1.0.0",
  "lockfileVersion": 1,
  "requires": true,
  "dependencies": {
    "@fjfoxru/ajs-platforms": {
      "version": "1.0.0",
      "resolved": "https://npm.pkg.github.com/download/@fjfoxru/ajs-platforms/1.0.0/505f92a913268436611f486b37d35cd40ba77de43bd24ec87ebc402b420bb4e0",
      "integrity": "sha512-oYKj7u4Kw9Ma81ql0hvN/kiqORPyWMCvha64Nbe3LKLWlilZOqj6poYiLjBnuNg44T0gyj2a10aqRGHxCuJL6w=="
    }
  }
}
